# THIS IS AN AUTOGENERATED FILE. DO NOT EDIT THIS FILE DIRECTLY.
# yarn lockfile v1


"@vuepress/plugin-google-analytics@^1.0.0-alpha.48":
  version "1.0.0-alpha.48"
  resolved "https://registry.yarnpkg.com/@vuepress/plugin-google-analytics/-/plugin-google-analytics-1.0.0-alpha.48.tgz#1fbc06ebe88501ba443dd5e6196a0e32a1afa525"
  integrity sha512-4cv39L8iGGi1Txt8rQCJG9jaWI3gN/kivRgfVwRU7BbQ9Dr8pqVpZI9Znn8gJl1BKq0v2bdCMORhFh/pvhj4yw==
